
Microsoft Visual Studio Solution File, Format Version 12.00
# Visual Studio Version 16
VisualStudioVersion = 16.0.30804.86
MinimumVisualStudioVersion = 10.0.40219.1
Project("{FAE04EC0-301F-11D3-BF4B-00C04F79EFBC}") = "Ford.Pass.Connect", "Ford.Pass.Connect\Ford.Pass.Connect.csproj", "{EA1A2DAA-5EEA-459E-BE04-3881AA628110}"
EndProject
Global
	GlobalSection(SolutionConfigurationPlatforms) = preSolution
		Debug|Any CPU = Debug|Any CPU
		Release|Any CPU = Release|Any CPU
	EndGlobalSection
	GlobalSection(ProjectConfigurationPlatforms) = postSolution
		{EA1A2DAA-5EEA-459E-BE04-3881AA628110}.Debug|Any CPU.ActiveCfg = Debug|Any CPU
		{EA1A2DAA-5EEA-459E-BE04-3881AA628110}.Debug|Any CPU.Build.0 = Debug|Any CPU
		{EA1A2DAA-5EEA-459E-BE04-3881AA628110}.Release|Any CPU.ActiveCfg = Release|Any CPU
		{EA1A2DAA-5EEA-459E-BE04-3881AA628110}.Release|Any CPU.Build.0 = Release|Any CPU
	EndGlobalSection
	GlobalSection(SolutionProperties) = preSolution
		HideSolutionNode = FALSE
	EndGlobalSection
	GlobalSection(ExtensibilityGlobals) = postSolution
		SolutionGuid = {19C9E672-6B02-4212-8BBF-96972E11095B}
	EndGlobalSection
EndGlobal
